# THIS IS AN AUTOGENERATED FILE. DO NOT EDIT THIS FILE DIRECTLY.
# yarn lockfile v1


csv-generate@^1.0.0:
  version "1.0.0"
  resolved "https://registry.yarnpkg.com/csv-generate/-/csv-generate-1.0.0.tgz#bd52886859d0c925f3e51f60f3abed262fa15caf"

csv-parse@^1.2.0:
  version "1.2.4"
  resolved "https://registry.yarnpkg.com/csv-parse/-/csv-parse-1.2.4.tgz#cbf676e355226625888c6432400b83f07e75cc2e"

csv-stringify@^1.0.0:
  version "1.0.4"
  resolved "https://registry.yarnpkg.com/csv-stringify/-/csv-stringify-1.0.4.tgz#bc18bab9ad4cef3195fd257980b58b479c42d3e5"
  dependencies:
    lodash.get "^4.0.0"

csv@^1.1.1:
  version "1.1.1"
  resolved "https://registry.yarnpkg.com/csv/-/csv-1.1.1.tgz#d9952d59b1f964a7afbcdd804d6818a73199a477"
  dependencies:
    csv-generate "^1.0.0"
    csv-parse "^1.2.0"
    csv-stringify "^1.0.0"
    stream-transform "^0.1.0"

lodash.get@^4.0.0:
  version "4.4.2"
  resolved "https://registry.yarnpkg.com/lodash.get/-/lodash.get-4.4.2.tgz#2d177f652fa31e939b4438d5341499dfa3825e99"

minimist@~0.0.1:
  version "0.0.10"
  resolved "https://registry.yarnpkg.com/minimist/-/minimist-0.0.10.tgz#de3f98543dbf96082be48ad1a0c7cda836301dcf"

moment@^2.19.0:
  version "2.19.0"
  resolved "https://registry.yarnpkg.com/moment/-/moment-2.19.0.tgz#44f675ef6b944942762581b1c179fb679e599d67"

optimist@^0.6.1:
  version "0.6.1"
  resolved "https://registry.yarnpkg.com/optimist/-/optimist-0.6.1.tgz#da3ea74686fa21a19a111c326e90eb15a0196686"
  dependencies:
    minimist "~0.0.1"
    wordwrap "~0.0.2"

stream-transform@^0.1.0:
  version "0.1.2"
  resolved "https://registry.yarnpkg.com/stream-transform/-/stream-transform-0.1.2.tgz#7d8e6b4e03ac4781778f8c79517501bfb0762a9f"

wordwrap@~0.0.2:
  version "0.0.3"
  resolved "https://registry.yarnpkg.com/wordwrap/-/wordwrap-0.0.3.tgz#a3d5da6cd5c0bc0008d37234bbaf1bed63059107"
